
Microsoft Visual Studio Solution File, Format Version 12.00
Project("{FAE04EC0-301F-11D3-BF4B-00C04F79EFBC}") = "BlackFire.Unity.Network", "BlackFire.Unity.Network.csproj", "{8D1674B3-4F14-4F63-863D-BE3C4DF06B1A}"
EndProject
Global
	GlobalSection(SolutionConfigurationPlatforms) = preSolution
		Debug|Any CPU = Debug|Any CPU
		Release|Any CPU = Release|Any CPU
	EndGlobalSection
	GlobalSection(ProjectConfigurationPlatforms) = postSolution
		{8D1674B3-4F14-4F63-863D-BE3C4DF06B1A}.Debug|Any CPU.ActiveCfg = Debug|Any CPU
		{8D1674B3-4F14-4F63-863D-BE3C4DF06B1A}.Debug|Any CPU.Build.0 = Debug|Any CPU
		{8D1674B3-4F14-4F63-863D-BE3C4DF06B1A}.Release|Any CPU.ActiveCfg = Release|Any CPU
		{8D1674B3-4F14-4F63-863D-BE3C4DF06B1A}.Release|Any CPU.Build.0 = Release|Any CPU
	EndGlobalSection
EndGlobal
